
Microsoft Visual Studio Solution File, Format Version 12.00
# Visual Studio 15
VisualStudioVersion = 15.0.28307.572
MinimumVisualStudioVersion = 10.0.40219.1
Project("{FAE04EC0-301F-11D3-BF4B-00C04F79EFBC}") = "video", "video.csproj", "{377BF41E-70A4-4447-9240-D745844CED20}"
EndProject
Global
	GlobalSection(SolutionConfigurationPlatforms) = preSolution
		Debug|Any CPU = Debug|Any CPU
		Release|Any CPU = Release|Any CPU
	EndGlobalSection
	GlobalSection(ProjectConfigurationPlatforms) = postSolution
		{377BF41E-70A4-4447-9240-D745844CED20}.Debug|Any CPU.ActiveCfg = Debug|Any CPU
		{377BF41E-70A4-4447-9240-D745844CED20}.Debug|Any CPU.Build.0 = Debug|Any CPU
		{377BF41E-70A4-4447-9240-D745844CED20}.Release|Any CPU.ActiveCfg = Release|Any CPU
		{377BF41E-70A4-4447-9240-D745844CED20}.Release|Any CPU.Build.0 = Release|Any CPU
	EndGlobalSection
	GlobalSection(SolutionProperties) = preSolution
		HideSolutionNode = FALSE
	EndGlobalSection
	GlobalSection(ExtensibilityGlobals) = postSolution
		SolutionGuid = {3F6365B5-5F55-41F6-976D-E74490EC8CD2}
	EndGlobalSection
EndGlobal
